
Microsoft Visual Studio Solution File, Format Version 12.00
# Visual Studio Version 16
VisualStudioVersion = 16.0.31624.102
MinimumVisualStudioVersion = 10.0.40219.1
Project("{FAE04EC0-301F-11D3-BF4B-00C04F79EFBC}") = "1Лабораторная", "1Лабораторная.csproj", "{4203A48B-DCA0-498D-A2BF-409243347654}"
EndProject
Global
	GlobalSection(SolutionConfigurationPlatforms) = preSolution
		Debug|Any CPU = Debug|Any CPU
		Release|Any CPU = Release|Any CPU
	EndGlobalSection
	GlobalSection(ProjectConfigurationPlatforms) = postSolution
		{4203A48B-DCA0-498D-A2BF-409243347654}.Debug|Any CPU.ActiveCfg = Debug|Any CPU
		{4203A48B-DCA0-498D-A2BF-409243347654}.Debug|Any CPU.Build.0 = Debug|Any CPU
		{4203A48B-DCA0-498D-A2BF-409243347654}.Release|Any CPU.ActiveCfg = Release|Any CPU
		{4203A48B-DCA0-498D-A2BF-409243347654}.Release|Any CPU.Build.0 = Release|Any CPU
	EndGlobalSection
	GlobalSection(SolutionProperties) = preSolution
		HideSolutionNode = FALSE
	EndGlobalSection
	GlobalSection(ExtensibilityGlobals) = postSolution
		SolutionGuid = {E873D6D0-41ED-4F93-A7C2-E5A3F2EA2B9D}
	EndGlobalSection
EndGlobal
